DEPENDENCIES
  envbuilder
    git: git://github.com/theodi/chef-envbuilder.git
    revision: 27252c8b85be41067ce364d62f9779855c5108b0
  odi-apt
    git: git://github.com/theodi/odi-chef.git
    revision: b724aa80bd4b166d3bd8e8216e8bc54059ac8461
    rel: site-cookbooks/odi-apt
  odi-nginx
    git: git://github.com/theodi/odi-chef.git
    revision: b724aa80bd4b166d3bd8e8216e8bc54059ac8461
    rel: site-cookbooks/odi-nginx
  odi-rvm
    git: git://github.com/theodi/odi-chef.git
    revision: b724aa80bd4b166d3bd8e8216e8bc54059ac8461
    rel: site-cookbooks/odi-rvm
  odi-simple-deployment
    path: .
    metadata: true
  odi-users
    git: git://github.com/theodi/odi-chef.git
    revision: b724aa80bd4b166d3bd8e8216e8bc54059ac8461
    rel: site-cookbooks/odi-users
  odi-xml
    git: git://github.com/theodi/odi-chef.git
    revision: b724aa80bd4b166d3bd8e8216e8bc54059ac8461
    rel: site-cookbooks/odi-xml
  rvm
    git: git://github.com/theodi/chef-rvm.git
    revision: 7ba48b5cf97f1bf32f5df30b7c263d745e652faf

GRAPH
  apt (2.3.10)
  build-essential (2.0.2)
  chef_handler (1.1.6)
  dmg (2.2.0)
  envbuilder (0.2.0)
  git (4.0.2)
    build-essential (>= 0.0.0)
    dmg (>= 0.0.0)
    runit (>= 1.0.0)
    windows (>= 0.0.0)
    yum (~> 3.0)
    yum-epel (>= 0.0.0)
  odi-apt (0.1.0)
    apt (>= 0.0.0)
  odi-nginx (0.4.0)
  odi-rvm (0.2.1)
    odi-xml (>= 0.0.0)
    rvm (>= 0.0.0)
    xslt (>= 0.0.0)
  odi-simple-deployment (0.4.1)
    git (>= 0.0.0)
  odi-users (0.2.0)
  odi-xml (0.1.0)
    xml (>= 0.0.0)
  runit (1.5.10)
    build-essential (>= 0.0.0)
    yum (~> 3.0)
    yum-epel (>= 0.0.0)
  rvm (0.0.2)
  windows (1.31.0)
    chef_handler (>= 0.0.0)
  xml (1.2.4)
    build-essential (>= 0.0.0)
  xslt (0.0.1)
  yum (3.2.0)
  yum-epel (0.3.6)
    yum (~> 3.0)
